
Microsoft Visual Studio Solution File, Format Version 12.00
# Visual Studio Version 17
VisualStudioVersion = 17.10.35013.160
MinimumVisualStudioVersion = 10.0.40219.1
Project("{FAE04EC0-301F-11D3-BF4B-00C04F79EFBC}") = "Library", "Library\Library.csproj", "{4C4650E0-F1D8-4767-B426-936925060BBA}"
EndProject
Global
	GlobalSection(SolutionConfigurationPlatforms) = preSolution
		Debug|Any CPU = Debug|Any CPU
		Release|Any CPU = Release|Any CPU
	EndGlobalSection
	GlobalSection(ProjectConfigurationPlatforms) = postSolution
		{4C4650E0-F1D8-4767-B426-936925060BBA}.Debug|Any CPU.ActiveCfg = Debug|Any CPU
		{4C4650E0-F1D8-4767-B426-936925060BBA}.Debug|Any CPU.Build.0 = Debug|Any CPU
		{4C4650E0-F1D8-4767-B426-936925060BBA}.Release|Any CPU.ActiveCfg = Release|Any CPU
		{4C4650E0-F1D8-4767-B426-936925060BBA}.Release|Any CPU.Build.0 = Release|Any CPU
	EndGlobalSection
	GlobalSection(SolutionProperties) = preSolution
		HideSolutionNode = FALSE
	EndGlobalSection
	GlobalSection(ExtensibilityGlobals) = postSolution
		SolutionGuid = {FC3D2336-D13F-4F59-A55C-8BB66F511AEC}
	EndGlobalSection
EndGlobal
